{
    "_meta": {
        "hash": {
            "sha256": "ac35a69363aefe9203632b61e9bf4b1cd606cc3e94f5492cefcdeb7ec3347c1e"
        },
        "pipfile-spec": 6,
        "requires": {
            "python_version": "3.6"
        },
        "sources": [
            {
                "name": "pypi",
                "url": "https://pypi.org/simple",
                "verify_ssl": true
            }
        ]
    },
    "default": {
        "cerberus": {
            "hashes": [
                "sha256:f5c2e048fb15ecb3c088d192164316093fcfa602a74b3386eefb2983aa7e800a"
            ],
            "index": "pypi",
            "version": "==1.2"
        },
        "pillow": {
            "hashes": [
                "sha256:00def5b638994f888d1058e4d17c86dec8e1113c3741a0a8a659039aec59a83a",
                "sha256:026449b64e559226cdb8e6d8c931b5965d8fc90ec18ebbb0baa04c5b36503c72",
                "sha256:03dbb224ee196ef30ed2156d41b579143e1efeb422974719a5392fc035e4f574",
                "sha256:03eb0e04f929c102ae24bc436bf1c0c60a4e63b07ebd388e84d8b219df3e6acd",
                "sha256:1be66b9a89e367e7d20d6cae419794997921fe105090fafd86ef39e20a3baab2",
                "sha256:1e977a3ed998a599bda5021fb2c2889060617627d3ae228297a529a082a3cd5c",
                "sha256:22cf3406d135cfcc13ec6228ade774c8461e125c940e80455f500638429be273",
                "sha256:24adccf1e834f82718c7fc8e3ec1093738da95144b8b1e44c99d5fc7d3e9c554",
                "sha256:2a3e362c97a5e6a259ee9cd66553292a1f8928a5bdfa3622fdb1501570834612",
                "sha256:3832e26ecbc9d8a500821e3a1d3765bda99d04ae29ffbb2efba49f5f788dc934",
                "sha256:4fd1f0c2dc02aaec729d91c92cd85a2df0289d88e9f68d1e8faba750bb9c4786",
                "sha256:4fda62030f2c515b6e2e673c57caa55cb04026a81968f3128aae10fc28e5cc27",
                "sha256:5044d75a68b49ce36a813c82d8201384207112d5d81643937fc758c05302f05b",
                "sha256:522184556921512ec484cb93bd84e0bab915d0ac5a372d49571c241a7f73db62",
                "sha256:5914cff11f3e920626da48e564be6818831713a3087586302444b9c70e8552d9",
                "sha256:6661a7908d68c4a133e03dac8178287aa20a99f841ea90beeb98a233ae3fd710",
                "sha256:79258a8df3e309a54c7ef2ef4a59bb8e28f7e4a8992a3ad17c24b1889ced44f3",
                "sha256:7d74c20b8f1c3e99d3f781d3b8ff5abfefdd7363d61e23bdeba9992ff32cc4b4",
                "sha256:81918afeafc16ba5d9d0d4e9445905f21aac969a4ebb6f2bff4b9886da100f4b",
                "sha256:8194d913ca1f459377c8a4ed8f9b7ad750068b8e0e3f3f9c6963fcc87a84515f",
                "sha256:84d5d31200b11b3c76fab853b89ac898bf2d05c8b3da07c1fcc23feb06359d6e",
                "sha256:989981db57abffb52026b114c9a1f114c7142860a6d30a352d28f8cbf186500b",
                "sha256:a3d7511d3fad1618a82299aab71a5fceee5c015653a77ffea75ced9ef917e71a",
                "sha256:b3ef168d4d6fd4fa6685aef7c91400f59f7ab1c0da734541f7031699741fb23f",
                "sha256:c1c5792b6e74bbf2af0f8e892272c2a6c48efa895903211f11b8342e03129fea",
                "sha256:c5dcb5a56aebb8a8f2585042b2f5c496d7624f0bcfe248f0cc33ceb2fd8d39e7",
                "sha256:e2bed4a04e2ca1050bb5f00865cf2f83c0b92fd62454d9244f690fcd842e27a4",
                "sha256:e87a527c06319428007e8c30511e1f0ce035cb7f14bb4793b003ed532c3b9333",
                "sha256:f63e420180cbe22ff6e32558b612e75f50616fc111c5e095a4631946c782e109",
                "sha256:f8b3d413c5a8f84b12cd4c5df1d8e211777c9852c6be3ee9c094b626644d3eab"
            ],
            "markers": "python_version != '3.3.*' and python_version >= '2.7' and python_version != '3.2.*' and python_version != '3.1.*' and python_version != '3.0.*'",
            "version": "==5.2.0"
        },
        "pypdf2": {
            "hashes": [
                "sha256:e28f902f2f0a1603ea95ebe21dff311ef09be3d0f0ef29a3e44a932729564385"
            ],
            "index": "pypi",
            "version": "==1.26.0"
        },
        "pyyaml": {
            "hashes": [
                "sha256:3d7da3009c0f3e783b2c873687652d83b1bbfd5c88e9813fb7e5b03c0dd3108b",
                "sha256:3ef3092145e9b70e3ddd2c7ad59bdd0252a94dfe3949721633e41344de00a6bf",
                "sha256:40c71b8e076d0550b2e6380bada1f1cd1017b882f7e16f09a65be98e017f211a",
                "sha256:558dd60b890ba8fd982e05941927a3911dc409a63dcb8b634feaa0cda69330d3",
                "sha256:a7c28b45d9f99102fa092bb213aa12e0aaf9a6a1f5e395d36166639c1f96c3a1",
                "sha256:aa7dd4a6a427aed7df6fb7f08a580d68d9b118d90310374716ae90b710280af1",
                "sha256:bc558586e6045763782014934bfaf39d48b8ae85a2713117d16c39864085c613",
                "sha256:d46d7982b62e0729ad0175a9bc7e10a566fc07b224d2c79fafb5e032727eaa04",
                "sha256:d5eef459e30b09f5a098b9cea68bebfeb268697f78d647bd255a085371ac7f3f",
                "sha256:e01d3203230e1786cd91ccfdc8f8454c8069c91bee3962ad93b87a4b2860f537",
                "sha256:e170a9e6fcfd19021dd29845af83bb79236068bf5fd4df3327c1be18182b2531"
            ],
            "index": "pypi",
            "version": "==3.13"
        },
        "reportlab": {
            "hashes": [
                "sha256:000ae740a5fbfa576076ed99e9619ed08932983f658215d038829602b5cbd7b7",
                "sha256:0d8deef64ae2114f0497e8ff3e3f522dd1129045cdf350151c4eba0b5eee5dc5",
                "sha256:24ac336d26f324eba895346327496d4bcfb95d50570690a6ce05193477133d88",
                "sha256:251e29a4ca7a43151af24a9ea374a9a80ce644197e32d518187669eb56265580",
                "sha256:33e096d61f94e5c9b99a1f2463ff3e6236f35c8ccfbcdf7043d23e7a630febaa",
                "sha256:3b7d08dac2be3ce3f24d24b37e340a7df7dcaa07965b18880827955df4aba8ab",
                "sha256:3c4a588ba6be1bae79d2265a5d3afb833cfe7fbf5a49ca59cc6a7d2d373d94af",
                "sha256:44da60618e021d9930d5fc2df5ac409c4a394462d7f1fe9d159e758c9e4c5e63",
                "sha256:59fbd93f20169878e2d505d60e3e044bf100b6a4ded51370603df4548ec219fe",
                "sha256:5b4faf33a3ac68321d84fe170e13d04d7109689f4b76bd77e1859e94d11a6585",
                "sha256:652aaf3996b3dc250bf563a0a673ab153f8d6386f03b55c4cb0be5dfe6d16b18",
                "sha256:689cc3eb77b2dc7933b134031947e42ca5b8a1ba8b499c414d01c9f319cd97c1",
                "sha256:700fc6a04b21244e927ec49d8bce8fe49b061a87bbd92b7315e6049f99b48527",
                "sha256:808ef9b066f852d0765396467f108b718be37fdf10de67c57b9fa83698ec4851",
                "sha256:854570db98a311bb6f5e4b11e3b85cd92213e2478a994e71ad197812ad858ce8",
                "sha256:91119b02ba2598d4a2c1793dde81870f23d8ec03181e02a68f68f14416f44fe8",
                "sha256:948764d9c89b00d593fd84e055922f51bddbf2e6f53750f166cd9dbd6d7c9705",
                "sha256:a0b1cf48741f3ed1b8a838c7851e389be87689c88362a0b2c8f7b0c842b1645c",
                "sha256:accb0fc9bcf1a9418fd6d7593b5665b340542c7eb53a5f9bbbf640006dc93270",
                "sha256:ada50897dbe6a428041be8f34124758336fb0e8b1307cf1b7daefa177294816a",
                "sha256:bae7c831a04323b479525c9541450a6b2fc083b6b3cc211807507faf27a4fe3f",
                "sha256:bc680f7d09da56b48aed397d20f86f2a28356bcfbd699ec0bb6968922bdc8645",
                "sha256:bd8def32181b36ba90b7f394f99eb8bd3fcc26507749dba2f95a8d950eeaf729",
                "sha256:c1cb3274168a3aa12c7041a58bf0a245eb50e86f1546e10662b8f61a3c68e37f",
                "sha256:df846071577c82c810b2bdfee089e9e7ba1997e3b9cdc66437e2ed50dd3c2940",
                "sha256:e0c4761bd81ffad11d1d21f4b305c887a9575e8458cc31babcc9dca7740e3aef",
                "sha256:e9d299c3d56c91e4a68dfb9357c4a9bf573e3c63cb5bda6f0ff5e1ca9cd5aecf",
                "sha256:f0dbe4cef046735be8bf386a19ce8a33d759dd17fd14f1fc583eedd4a8ffa679"
            ],
            "index": "pypi",
            "version": "==3.5.8"
        }
    },
    "develop": {}
}
